# This file is generated by running "yarn install" inside your project.
# Manual changes might be lost - proceed with caution!

__metadata:
  version: 6
  cacheKey: 8

"@ant-design/colors@npm:^7.0.0":
  version: 7.0.0
  resolution: "@ant-design/colors@npm:7.0.0"
  dependencies:
    "@ctrl/tinycolor": ^3.4.0
  checksum: 419e98d9cb823ff0935024f4278f7b9c5896805dce4c93d667b5a4d76b03f5fa969b32d1998ee761113da43063e2b23a94c330ad6e865f03fbbb2579907e7fdb
  languageName: node
  linkType: hard

"@ant-design/cssinjs@npm:^1.5.6":
  version: 1.6.1
  resolution: "@ant-design/cssinjs@npm:1.6.1"
  dependencies:
    "@babel/runtime": ^7.11.1
    "@emotion/hash": ^0.8.0
    "@emotion/unitless": ^0.7.5
    classnames: ^2.3.1
    csstype: ^3.0.10
    rc-util: ^5.27.0
    stylis: ^4.0.13
  peerDependencies:
    react: ">=16.0.0"
    react-dom: ">=16.0.0"
  checksum: 0e702668610ca8a0b35725f14403cc3482bfc5a1ff9c39c57732625ea828d5071551860cd6ad00ca5a1e36e1c5f158426602f38c443c9945a9590194c9cd882a
  languageName: node
  linkType: hard

"@ant-design/icons-svg@npm:^4.2.1":
  version: 4.2.1
  resolution: "@ant-design/icons-svg@npm:4.2.1"
  checksum: c1fa1bbeb0c58209e2c5d49ce001543823ae2d8326e1c7aafb992deac7aaa901a44f9a16151ad919d2628dbe3d783b325ed2b9440436002225801332323296d4
  languageName: node
  linkType: hard

"@ant-design/icons@npm:^5.0.0, @ant-design/icons@npm:^5.0.1":
  version: 5.0.1
  resolution: "@ant-design/icons@npm:5.0.1"
  dependencies:
    "@ant-design/colors": ^7.0.0
    "@ant-design/icons-svg": ^4.2.1
    "@babel/runtime": ^7.11.2
    classnames: ^2.2.6
    rc-util: ^5.9.4
  peerDependencies:
    react: ">=16.0.0"
    react-dom: ">=16.0.0"
  checksum: 426371e3a2d5d571a2df18229512ea5951ea71b97f1fa3a3a4dc2feda58498c70da7025c6e3ffcf0ae2dab0fb496d117f8962222f17d95dc58498850d9a21566
  languageName: node
  linkType: hard

"@ant-design/react-slick@npm:~1.0.0":
  version: 1.0.0
  resolution: "@ant-design/react-slick@npm:1.0.0"
  dependencies:
    "@babel/runtime": ^7.10.4
    classnames: ^2.2.5
    json2mq: ^0.2.0
    resize-observer-polyfill: ^1.5.1
    throttle-debounce: ^5.0.0
  peerDependencies:
    react: ">=16.9.0"
  checksum: ec9fe42bdcbca7091c156b256b723567621540ff0ad188a672123437d452e1949a4e3f63ed9fa19067a211af5110d8cea8cadba85df9fef264f8785514bac06a
  languageName: node
  linkType: hard

"@babel/runtime@npm:^7.10.1, @babel/runtime@npm:^7.10.4, @babel/runtime@npm:^7.11.1, @babel/runtime@npm:^7.11.2, @babel/runtime@npm:^7.12.5, @babel/runtime@npm:^7.16.7, @babel/runtime@npm:^7.18.0, @babel/runtime@npm:^7.18.3, @babel/runtime@npm:^7.20.0, @babel/runtime@npm:^7.20.7":
  version: 7.21.0
  resolution: "@babel/runtime@npm:7.21.0"
  dependencies:
    regenerator-runtime: ^0.13.11
  checksum: 7b33e25bfa9e0e1b9e8828bb61b2d32bdd46b41b07ba7cb43319ad08efc6fda8eb89445193e67d6541814627df0ca59122c0ea795e412b99c5183a0540d338ab
  languageName: node
  linkType: hard

"@ctrl/tinycolor@npm:^3.4.0, @ctrl/tinycolor@npm:^3.6.0":
  version: 3.6.0
  resolution: "@ctrl/tinycolor@npm:3.6.0"
  checksum: 4d1e481b4d7f9bb23d21b5436726034d37c2a1bc751b5169ef29ead0237e96443dbccbcfa887e20c3a65ba1b5e270063bb21b4034eac97561b980cbbd5e92a16
  languageName: node
  linkType: hard

"@emotion/hash@npm:^0.8.0":
  version: 0.8.0
  resolution: "@emotion/hash@npm:0.8.0"
  checksum: 4b35d88a97e67275c1d990c96d3b0450451d089d1508619488fc0acb882cb1ac91e93246d471346ebd1b5402215941ef4162efe5b51534859b39d8b3a0e3ffaa
  languageName: node
  linkType: hard

"@emotion/unitless@npm:^0.7.5":
  version: 0.7.5
  resolution: "@emotion/unitless@npm:0.7.5"
  checksum: f976e5345b53fae9414a7b2e7a949aa6b52f8bdbcc84458b1ddc0729e77ba1d1dfdff9960e0da60183877873d3a631fa24d9695dd714ed94bcd3ba5196586a6b
  languageName: node
  linkType: hard

"@next/env@npm:13.2.4":
  version: 13.2.4
  resolution: "@next/env@npm:13.2.4"
  checksum: 4123e08a79e66d6144006972027a9ceb8f3fdd782c4a869df1eb3b91b59ad9f4a44082d3f8e421f4df5214c6bc7190b52b94881369452d65eb4580485f33b9e6
  languageName: node
  linkType: hard

"@next/swc-android-arm-eabi@npm:13.2.4":
  version: 13.2.4
  resolution: "@next/swc-android-arm-eabi@npm:13.2.4"
  conditions: os=android & cpu=arm
  languageName: node
  linkType: hard

"@next/swc-android-arm64@npm:13.2.4":
  version: 13.2.4
  resolution: "@next/swc-android-arm64@npm:13.2.4"
  conditions: os=android & cpu=arm64
  languageName: node
  linkType: hard

"@next/swc-darwin-arm64@npm:13.2.4":
  version: 13.2.4
  resolution: "@next/swc-darwin-arm64@npm:13.2.4"
  conditions: os=darwin & cpu=arm64
  languageName: node
  linkType: hard

"@next/swc-darwin-x64@npm:13.2.4":
  version: 13.2.4
  resolution: "@next/swc-darwin-x64@npm:13.2.4"
  conditions: os=darwin & cpu=x64
  languageName: node
  linkType: hard

"@next/swc-freebsd-x64@npm:13.2.4":
  version: 13.2.4
  resolution: "@next/swc-freebsd-x64@npm:13.2.4"
  conditions: os=freebsd & cpu=x64
  languageName: node
  linkType: hard

"@next/swc-linux-arm-gnueabihf@npm:13.2.4":
  version: 13.2.4
  resolution: "@next/swc-linux-arm-gnueabihf@npm:13.2.4"
  conditions: os=linux & cpu=arm
  languageName: node
  linkType: hard

"@next/swc-linux-arm64-gnu@npm:13.2.4":
  version: 13.2.4
  resolution: "@next/swc-linux-arm64-gnu@npm:13.2.4"
  conditions: os=linux & cpu=arm64 & libc=glibc
  languageName: node
  linkType: hard

"@next/swc-linux-arm64-musl@npm:13.2.4":
  version: 13.2.4
  resolution: "@next/swc-linux-arm64-musl@npm:13.2.4"
  conditions: os=linux & cpu=arm64 & libc=musl
  languageName: node
  linkType: hard

"@next/swc-linux-x64-gnu@npm:13.2.4":
  version: 13.2.4
  resolution: "@next/swc-linux-x64-gnu@npm:13.2.4"
  conditions: os=linux & cpu=x64 & libc=glibc
  languageName: node
  linkType: hard

"@next/swc-linux-x64-musl@npm:13.2.4":
  version: 13.2.4
  resolution: "@next/swc-linux-x64-musl@npm:13.2.4"
  conditions: os=linux & cpu=x64 & libc=musl
  languageName: node
  linkType: hard

"@next/swc-win32-arm64-msvc@npm:13.2.4":
  version: 13.2.4
  resolution: "@next/swc-win32-arm64-msvc@npm:13.2.4"
  conditions: os=win32 & cpu=arm64
  languageName: node
  linkType: hard

"@next/swc-win32-ia32-msvc@npm:13.2.4":
  version: 13.2.4
  resolution: "@next/swc-win32-ia32-msvc@npm:13.2.4"
  conditions: os=win32 & cpu=ia32
  languageName: node
  linkType: hard

"@next/swc-win32-x64-msvc@npm:13.2.4":
  version: 13.2.4
  resolution: "@next/swc-win32-x64-msvc@npm:13.2.4"
  conditions: os=win32 & cpu=x64
  languageName: node
  linkType: hard

"@rc-component/context@npm:^1.3.0":
  version: 1.3.0
  resolution: "@rc-component/context@npm:1.3.0"
  dependencies:
    "@babel/runtime": ^7.10.1
    rc-util: ^5.27.0
  peerDependencies:
    react: ">=16.9.0"
    react-dom: ">=16.9.0"
  checksum: 77cdd49a2dfde3b2d82ff8652581eddeceefb53c0f3f31b9ed6b09356291821d4e16e915c07a1e15a38ceb6087fb92e7c2cb8ddb26d304fafd96c8571c9136ce
  languageName: node
  linkType: hard

"@rc-component/mini-decimal@npm:^1.0.1":
  version: 1.0.1
  resolution: "@rc-component/mini-decimal@npm:1.0.1"
  dependencies:
    "@babel/runtime": ^7.18.0
  checksum: 2fd3f3d9c404f679461fa52372b71b1131ecad6b2a34d6b5be07b04475ed22428ffc7dac599a28734b349f7b1c5b714cf879e9c005a89430016c6d83899ff1e9
  languageName: node
  linkType: hard

"@rc-component/mutate-observer@npm:^1.0.0":
  version: 1.0.0
  resolution: "@rc-component/mutate-observer@npm:1.0.0"
  dependencies:
    "@babel/runtime": ^7.18.0
    classnames: ^2.3.2
    rc-util: ^5.24.4
  peerDependencies:
    react: ">=16.9.0"
    react-dom: ">=16.9.0"
  checksum: fd6d9581882cca35582e399bf5585e237748fc8240a2d76549ed003ea17fdf7ca97609cb6c8113c2836e9d3182fceda2c1469620560168eeb66fc95656f495e7
  languageName: node
  linkType: hard

"@rc-component/portal@npm:^1.0.0-6, @rc-component/portal@npm:^1.0.0-8, @rc-component/portal@npm:^1.0.0-9, @rc-component/portal@npm:^1.0.2, @rc-component/portal@npm:^1.1.0":
  version: 1.1.0
  resolution: "@rc-component/portal@npm:1.1.0"
  dependencies:
    "@babel/runtime": ^7.18.0
    classnames: ^2.3.2
    rc-util: ^5.24.4
  peerDependencies:
    react: ">=16.9.0"
    react-dom: ">=16.9.0"
  checksum: 63abd3f003e871d38e15353e4eb53b1a35b2ee3f5cebe45152b5172f4671553e8ad754d071d7f59d03864f2341f0363c696eee20c0e519653d24b848a6ea1a89
  languageName: node
  linkType: hard

"@rc-component/tour@npm:~1.8.0":
  version: 1.8.0
  resolution: "@rc-component/tour@npm:1.8.0"
  dependencies:
    "@babel/runtime": ^7.18.0
    "@rc-component/portal": ^1.0.0-9
    "@rc-component/trigger": ^1.3.6
    classnames: ^2.3.2
    rc-util: ^5.24.4
  peerDependencies:
    react: ">=16.9.0"
    react-dom: ">=16.9.0"
  checksum: 58fa0e23b84e581298c0d4f5e0ac3a30eddb6c101a9d3405a3189a20c787254b7f416ecff0e383ffded554ad93f8f732052623c6eaf59f5270f51bd0c4782058
  languageName: node
  linkType: hard

"@rc-component/trigger@npm:^1.0.4, @rc-component/trigger@npm:^1.3.6, @rc-component/trigger@npm:^1.4.0, @rc-component/trigger@npm:^1.5.0, @rc-component/trigger@npm:^1.5.9":
  version: 1.6.0
  resolution: "@rc-component/trigger@npm:1.6.0"
  dependencies:
    "@babel/runtime": ^7.18.3
    "@rc-component/portal": ^1.1.0
    classnames: ^2.3.2
    rc-align: ^4.0.0
    rc-motion: ^2.0.0
    rc-resize-observer: ^1.3.1
    rc-util: ^5.29.2
  peerDependencies:
    react: ">=16.9.0"
    react-dom: ">=16.9.0"
  checksum: a9578970cc9e5897fe34e1b61fe0c631e9ceeb9340effaa699f1ecd15744175786c98018e40b041d352bc1f6a812887dc22a32c5a1f33c191acea2588a6ca60e
  languageName: node
  linkType: hard

"@swc/helpers@npm:0.4.14":
  version: 0.4.14
  resolution: "@swc/helpers@npm:0.4.14"
  dependencies:
    tslib: ^2.4.0
  checksum: 273fd3f3fc461a92f3790cc551ea054745c6d6959afbe1232e6d7aa1c722bbc114d308aab96bef5c78fc0303c85c7b472ef00e2253251cc89737f3b1af56e5a5
  languageName: node
  linkType: hard

"antd@npm:^5.3.2":
  version: 5.3.2
  resolution: "antd@npm:5.3.2"
  dependencies:
    "@ant-design/colors": ^7.0.0
    "@ant-design/cssinjs": ^1.5.6
    "@ant-design/icons": ^5.0.0
    "@ant-design/react-slick": ~1.0.0
    "@babel/runtime": ^7.18.3
    "@ctrl/tinycolor": ^3.6.0
    "@rc-component/mutate-observer": ^1.0.0
    "@rc-component/tour": ~1.8.0
    "@rc-component/trigger": ^1.5.9
    classnames: ^2.2.6
    copy-to-clipboard: ^3.2.0
    dayjs: ^1.11.1
    qrcode.react: ^3.1.0
    rc-cascader: ~3.9.0
    rc-checkbox: ~2.3.0
    rc-collapse: ~3.5.2
    rc-dialog: ~9.0.2
    rc-drawer: ~6.1.1
    rc-dropdown: ~4.0.0
    rc-field-form: ~1.28.0
    rc-image: ~5.15.2
    rc-input: ~0.2.1
    rc-input-number: ~7.4.0
    rc-mentions: ~2.1.0
    rc-menu: ~9.8.2
    rc-motion: ^2.6.1
    rc-notification: ~5.0.0
    rc-pagination: ~3.3.0
    rc-picker: ~3.3.1
    rc-progress: ~3.4.1
    rc-rate: ~2.10.0
    rc-resize-observer: ^1.2.0
    rc-segmented: ~2.1.2
    rc-select: ~14.3.0
    rc-slider: ~10.1.0
    rc-steps: ~6.0.0
    rc-switch: ~4.0.0
    rc-table: ~7.31.0
    rc-tabs: ~12.5.6
    rc-textarea: ~1.1.0
    rc-tooltip: ~6.0.0
    rc-tree: ~5.7.0
    rc-tree-select: ~5.7.0
    rc-trigger: ^5.3.4
    rc-upload: ~4.3.0
    rc-util: ^5.27.0
    scroll-into-view-if-needed: ^3.0.3
    throttle-debounce: ^5.0.0
  peerDependencies:
    react: ">=16.9.0"
    react-dom: ">=16.9.0"
  checksum: 9637d74a5bb2cce2abf8bdb7fb95240a7ca3818d8acd38b98af2b9db7244092c06de9cd7e94a338452a5728e3be97e2df3ae3be68c8ae7ea8b4d27e0c437bd4f
  languageName: node
  linkType: hard

"array-tree-filter@npm:^2.1.0":
  version: 2.1.0
  resolution: "array-tree-filter@npm:2.1.0"
  checksum: ca65dbeb80777eadadfcd4dbd2658d9eb0be66e426a6b6d64f1a71dff5351f2e6f370e0cbcc418e9e6e01d06b337b128441a71c7143abe4d925d027d5aa0100f
  languageName: node
  linkType: hard

"async-validator@npm:^4.1.0":
  version: 4.2.5
  resolution: "async-validator@npm:4.2.5"
  checksum: 3e3d891a2e21497c8a646afeb7b1e6ed5f98de5f58ce3600732080f327cb581e65d8d8ff184273f1461dc84105d49f5cf31422a67ce50e787967c306838b6f40
  languageName: node
  linkType: hard

"caniuse-lite@npm:^1.0.30001406":
  version: 1.0.30001468
  resolution: "caniuse-lite@npm:1.0.30001468"
  checksum: 39f23ce5af90fee37004bee334cd809a20f8aa46ef08244f75e33d2e32b53cfebee205018769a2712937fa05ea5a1c0249175771ffee561acd1e8e05c54f9a67
  languageName: node
  linkType: hard

"classnames@npm:2.x, classnames@npm:^2.2.1, classnames@npm:^2.2.3, classnames@npm:^2.2.5, classnames@npm:^2.2.6, classnames@npm:^2.3.1, classnames@npm:^2.3.2":
  version: 2.3.2
  resolution: "classnames@npm:2.3.2"
  checksum: 2c62199789618d95545c872787137262e741f9db13328e216b093eea91c85ef2bfb152c1f9e63027204e2559a006a92eb74147d46c800a9f96297ae1d9f96f4e
  languageName: node
  linkType: hard

"client-only@npm:0.0.1":
  version: 0.0.1
  resolution: "client-only@npm:0.0.1"
  checksum: 0c16bf660dadb90610553c1d8946a7fdfb81d624adea073b8440b7d795d5b5b08beb3c950c6a2cf16279365a3265158a236876d92bce16423c485c322d7dfaf8
  languageName: node
  linkType: hard

"compute-scroll-into-view@npm:^3.0.0":
  version: 3.0.0
  resolution: "compute-scroll-into-view@npm:3.0.0"
  checksum: 06965595510d3190bfb58705cf74bacc0b6fea8021f56a6477ad134fadcd1971d2083a714c6e3c99f545cc72614d60a9a97d774ea81a37ad302efddc849d372c
  languageName: node
  linkType: hard

"copy-to-clipboard@npm:^3.2.0":
  version: 3.3.3
  resolution: "copy-to-clipboard@npm:3.3.3"
  dependencies:
    toggle-selection: ^1.0.6
  checksum: e0a325e39b7615108e6c1c8ac110ae7b829cdc4ee3278b1df6a0e4228c490442cc86444cd643e2da344fbc424b3aab8909e2fec82f8bc75e7e5b190b7c24eecf
  languageName: node
  linkType: hard

"csstype@npm:^3.0.10":
  version: 3.1.1
  resolution: "csstype@npm:3.1.1"
  checksum: 1f7b4f5fdd955b7444b18ebdddf3f5c699159f13e9cf8ac9027ae4a60ae226aef9bbb14a6e12ca7dba3358b007cee6354b116e720262867c398de6c955ea451d
  languageName: node
  linkType: hard

"dayjs@npm:^1.11.1":
  version: 1.11.7
  resolution: "dayjs@npm:1.11.7"
  checksum: 5003a7c1dd9ed51385beb658231c3548700b82d3548c0cfbe549d85f2d08e90e972510282b7506941452c58d32136d6362f009c77ca55381a09c704e9f177ebb
  languageName: node
  linkType: hard

"dom-align@npm:^1.7.0":
  version: 1.12.4
  resolution: "dom-align@npm:1.12.4"
  checksum: ff5cfdb6e9c9e03e6d67a61b4633f25845f2385f67b1bd84a28aa2cb2c6b58eea53fde347b0d2439f0ba49cd6b80a7463f98569731cb14ec2542ecdeef19d165
  languageName: node
  linkType: hard

"js-tokens@npm:^3.0.0 || ^4.0.0":
  version: 4.0.0
  resolution: "js-tokens@npm:4.0.0"
  checksum: 8a95213a5a77deb6cbe94d86340e8d9ace2b93bc367790b260101d2f36a2eaf4e4e22d9fa9cf459b38af3a32fb4190e638024cf82ec95ef708680e405ea7cc78
  languageName: node
  linkType: hard

"json2mq@npm:^0.2.0":
  version: 0.2.0
  resolution: "json2mq@npm:0.2.0"
  dependencies:
    string-convert: ^0.2.0
  checksum: 5672c3abdd31e21a0e2f0c2688b4948103687dab949a1c5a1cba98667e899a96c2c7e3d71763c4f5e7cd7d7c379ea5dd5e1a9b2a2107dd1dfa740719a11aa272
  languageName: node
  linkType: hard

"loose-envify@npm:^1.1.0":
  version: 1.4.0
  resolution: "loose-envify@npm:1.4.0"
  dependencies:
    js-tokens: ^3.0.0 || ^4.0.0
  bin:
    loose-envify: cli.js
  checksum: 6517e24e0cad87ec9888f500c5b5947032cdfe6ef65e1c1936a0c48a524b81e65542c9c3edc91c97d5bddc806ee2a985dbc79be89215d613b1de5db6d1cfe6f4
  languageName: node
  linkType: hard

"nanoid@npm:^3.3.4":
  version: 3.3.4
  resolution: "nanoid@npm:3.3.4"
  bin:
    nanoid: bin/nanoid.cjs
  checksum: 2fddd6dee994b7676f008d3ffa4ab16035a754f4bb586c61df5a22cf8c8c94017aadd360368f47d653829e0569a92b129979152ff97af23a558331e47e37cd9c
  languageName: node
  linkType: hard

"next@npm:13.2.4":
  version: 13.2.4
  resolution: "next@npm:13.2.4"
  dependencies:
    "@next/env": 13.2.4
    "@next/swc-android-arm-eabi": 13.2.4
    "@next/swc-android-arm64": 13.2.4
    "@next/swc-darwin-arm64": 13.2.4
    "@next/swc-darwin-x64": 13.2.4
    "@next/swc-freebsd-x64": 13.2.4
    "@next/swc-linux-arm-gnueabihf": 13.2.4
    "@next/swc-linux-arm64-gnu": 13.2.4
    "@next/swc-linux-arm64-musl": 13.2.4
    "@next/swc-linux-x64-gnu": 13.2.4
    "@next/swc-linux-x64-musl": 13.2.4
    "@next/swc-win32-arm64-msvc": 13.2.4
    "@next/swc-win32-ia32-msvc": 13.2.4
    "@next/swc-win32-x64-msvc": 13.2.4
    "@swc/helpers": 0.4.14
    caniuse-lite: ^1.0.30001406
    postcss: 8.4.14
    styled-jsx: 5.1.1
  peerDependencies:
    "@opentelemetry/api": ^1.4.0
    fibers: ">= 3.1.0"
    node-sass: ^6.0.0 || ^7.0.0
    react: ^18.2.0
    react-dom: ^18.2.0
    sass: ^1.3.0
  dependenciesMeta:
    "@next/swc-android-arm-eabi":
      optional: true
    "@next/swc-android-arm64":
      optional: true
    "@next/swc-darwin-arm64":
      optional: true
    "@next/swc-darwin-x64":
      optional: true
    "@next/swc-freebsd-x64":
      optional: true
    "@next/swc-linux-arm-gnueabihf":
      optional: true
    "@next/swc-linux-arm64-gnu":
      optional: true
    "@next/swc-linux-arm64-musl":
      optional: true
    "@next/swc-linux-x64-gnu":
      optional: true
    "@next/swc-linux-x64-musl":
      optional: true
    "@next/swc-win32-arm64-msvc":
      optional: true
    "@next/swc-win32-ia32-msvc":
      optional: true
    "@next/swc-win32-x64-msvc":
      optional: true
  peerDependenciesMeta:
    "@opentelemetry/api":
      optional: true
    fibers:
      optional: true
    node-sass:
      optional: true
    sass:
      optional: true
  bin:
    next: dist/bin/next
  checksum: 8531dee41b60181b582f5ee80858907b102f083ef8808ff9352d589dd39e6b3a96f7a11b3776a03eef3a28430cff768336fa2e3ff2c6f8fcd699fbc891749051
  languageName: node
  linkType: hard

"picocolors@npm:^1.0.0":
  version: 1.0.0
  resolution: "picocolors@npm:1.0.0"
  checksum: a2e8092dd86c8396bdba9f2b5481032848525b3dc295ce9b57896f931e63fc16f79805144321f72976383fc249584672a75cc18d6777c6b757603f372f745981
  languageName: node
  linkType: hard

"postcss@npm:8.4.14":
  version: 8.4.14
  resolution: "postcss@npm:8.4.14"
  dependencies:
    nanoid: ^3.3.4
    picocolors: ^1.0.0
    source-map-js: ^1.0.2
  checksum: fe58766ff32e4becf65a7d57678995cfd239df6deed2fe0557f038b47c94e4132e7e5f68b5aa820c13adfec32e523b693efaeb65798efb995ce49ccd83953816
  languageName: node
  linkType: hard

"qrcode.react@npm:^3.1.0":
  version: 3.1.0
  resolution: "qrcode.react@npm:3.1.0"
  peerDependencies:
    react: ^16.8.0 || ^17.0.0 || ^18.0.0
  checksum: 94a2942ecf83f461d869adb20305ae663c6d1abe93ef2c72442b07d756ce70cf6deb6fd588dc5b382b48c6991cfde1dfd5ac9b814c1461e71d5edb2d945e67fc
  languageName: node
  linkType: hard

"rc-align@npm:^4.0.0":
  version: 4.0.15
  resolution: "rc-align@npm:4.0.15"
  dependencies:
    "@babel/runtime": ^7.10.1
    classnames: 2.x
    dom-align: ^1.7.0
    rc-util: ^5.26.0
    resize-observer-polyfill: ^1.5.1
  peerDependencies:
    react: ">=16.9.0"
    react-dom: ">=16.9.0"
  checksum: dfb7d3bfaa8d4b9ead4dbd8d84d4033fbd7a3f2232e7797ab1f86545c043cbe3952575fcfa63361045e2d1fa3a07c54545e442d60b08e753f4d581dcd5da186e
  languageName: node
  linkType: hard

"rc-cascader@npm:~3.9.0":
  version: 3.9.1
  resolution: "rc-cascader@npm:3.9.1"
  dependencies:
    "@babel/runtime": ^7.12.5
    array-tree-filter: ^2.1.0
    classnames: ^2.3.1
    rc-select: ~14.3.0
    rc-tree: ~5.7.0
    rc-util: ^5.6.1
  peerDependencies:
    react: ">=16.9.0"
    react-dom: ">=16.9.0"
  checksum: 0b968e1d14b23792996617d48196cd2bfecfee6571ad0153f9d6dc003d1294ae571ed8ec7d82b915b651b405297bb01bb34ed643d4f3962b697ec5d8a2b87b92
  languageName: node
  linkType: hard

"rc-checkbox@npm:~2.3.0":
  version: 2.3.2
  resolution: "rc-checkbox@npm:2.3.2"
  dependencies:
    "@babel/runtime": ^7.10.1
    classnames: ^2.2.1
  peerDependencies:
    react: ">=16.9.0"
    react-dom: ">=16.9.0"
  checksum: 023e479d2f95ab64e963f8437da4da2f8b0d750c10d601fd3407ef4f1ac0f8fcba1148b305f9a51dee052770f927ff00440bbcce09f6b0b585e38ba2c49a7ac6
  languageName: node
  linkType: hard

"rc-collapse@npm:~3.5.2":
  version: 3.5.2
  resolution: "rc-collapse@npm:3.5.2"
  dependencies:
    "@babel/runtime": ^7.10.1
    classnames: 2.x
    rc-motion: ^2.3.4
    rc-util: ^5.27.0
  peerDependencies:
    react: ">=16.9.0"
    react-dom: ">=16.9.0"
  checksum: 38a47d96c09520f11ab324a390f0be6c8e73bb169f8c636c71f88a8d66a70a1a1a12fbc7c754c2ffc973b0bec90d223dfaf637ef474da0a4c9c63fa05d8cc71d
  languageName: node
  linkType: hard

"rc-dialog@npm:~9.0.0, rc-dialog@npm:~9.0.2":
  version: 9.0.2
  resolution: "rc-dialog@npm:9.0.2"
  dependencies:
    "@babel/runtime": ^7.10.1
    "@rc-component/portal": ^1.0.0-8
    classnames: ^2.2.6
    rc-motion: ^2.3.0
    rc-util: ^5.21.0
  peerDependencies:
    react: ">=16.9.0"
    react-dom: ">=16.9.0"
  checksum: 470953c33123c984d7c18685435f08fb7cc4111fdbd01f032a8b111e1b0c06b2a9edcc26bc6895e1a426529e8c2842d6f79441f6bfceaa9c1c273e6b56f0f16d
  languageName: node
  linkType: hard

"rc-drawer@npm:~6.1.1":
  version: 6.1.4
  resolution: "rc-drawer@npm:6.1.4"
  dependencies:
    "@babel/runtime": ^7.10.1
    "@rc-component/portal": ^1.0.0-6
    classnames: ^2.2.6
    rc-motion: ^2.6.1
    rc-util: ^5.21.2
  peerDependencies:
    react: ">=16.9.0"
    react-dom: ">=16.9.0"
  checksum: 402c73c1f366a433c92f65bd8f621fc59ed45fb368ab49ed48efd45ca2e376244c83f70a21fb890512aac79814d863267d0e04738365fc7afe1c5fb3b09c77d7
  languageName: node
  linkType: hard

"rc-dropdown@npm:~4.0.0":
  version: 4.0.1
  resolution: "rc-dropdown@npm:4.0.1"
  dependencies:
    "@babel/runtime": ^7.18.3
    classnames: ^2.2.6
    rc-trigger: ^5.3.1
    rc-util: ^5.17.0
  peerDependencies:
    react: ">=16.11.0"
    react-dom: ">=16.11.0"
  checksum: 12d16fc49dbab3f548ba1674b12cf688f58bcb73932285354a506b2f443aa58dc09cad3e07edb5d8de8e659c91b985022eef0734f233b76261af1b17a61ce619
  languageName: node
  linkType: hard

"rc-field-form@npm:~1.28.0":
  version: 1.28.0
  resolution: "rc-field-form@npm:1.28.0"
  dependencies:
    "@babel/runtime": ^7.18.0
    async-validator: ^4.1.0
    rc-util: ^5.8.0
  peerDependencies:
    react: ">=16.9.0"
    react-dom: ">=16.9.0"
  checksum: fe50d1d5169efd5059364004460abcb98afc5b3bac147bbb31851f2a6635a979c4828100f395eaeb36769d99c9407e6780b201e9a578d492f291acae5d715d5d
  languageName: node
  linkType: hard

"rc-image@npm:~5.15.2":
  version: 5.15.2
  resolution: "rc-image@npm:5.15.2"
  dependencies:
    "@babel/runtime": ^7.11.2
    "@rc-component/portal": ^1.0.2
    classnames: ^2.2.6
    rc-dialog: ~9.0.0
    rc-motion: ^2.6.2
    rc-util: ^5.0.6
  peerDependencies:
    react: ">=16.9.0"
    react-dom: ">=16.9.0"
  checksum: 8c8e49da5920be2cf984b18562b83c147e17543c21cf7138cbba110c8bf7554841317edb33a2a36a0145a1168dfffcf14a320c0ba80bc8efec4c4dc4dd6a86ae
  languageName: node
  linkType: hard

"rc-input-number@npm:~7.4.0":
  version: 7.4.2
  resolution: "rc-input-number@npm:7.4.2"
  dependencies:
    "@babel/runtime": ^7.10.1
    "@rc-component/mini-decimal": ^1.0.1
    classnames: ^2.2.5
    rc-util: ^5.28.0
  peerDependencies:
    react: ">=16.9.0"
    react-dom: ">=16.9.0"
  checksum: 36a2b03902f96ec56b66588294b61cf48656e9004dad4ee92ae577d3c329400a2b5bf1f9f8830812b3ca860cf2971fdf340dbf587993740db3c97146c6446662
  languageName: node
  linkType: hard

"rc-input@npm:^0.2.1, rc-input@npm:^0.2.2, rc-input@npm:~0.2.1":
  version: 0.2.2
  resolution: "rc-input@npm:0.2.2"
  dependencies:
    "@babel/runtime": ^7.11.1
    classnames: ^2.2.1
    rc-util: ^5.18.1
  peerDependencies:
    react: ">=16.0.0"
    react-dom: ">=16.0.0"
  checksum: a1d26a88146f40df70f759688187433c0a43d32ac33abfe9ee598c9290a2a41a41538deb0fdc87de45438bdfb4fbb9b15c4039b61f937d336379d5b67a61bcc2
  languageName: node
  linkType: hard

"rc-mentions@npm:~2.1.0":
  version: 2.1.0
  resolution: "rc-mentions@npm:2.1.0"
  dependencies:
    "@babel/runtime": ^7.10.1
    "@rc-component/trigger": ^1.5.0
    classnames: ^2.2.6
    rc-input: ^0.2.2
    rc-menu: ~9.8.0
    rc-textarea: ^1.0.0
    rc-util: ^5.22.5
  peerDependencies:
    react: ">=16.9.0"
    react-dom: ">=16.9.0"
  checksum: 5e8b99b0dfa771a77b66bec4a6433c60682d9d52c05df65fc07c5c878613722ae24c6994ad38cff13ad8603c2b5239e40ec60191b7c39ffa3295067646d6c0f7
  languageName: node
  linkType: hard

"rc-menu@npm:~9.8.0, rc-menu@npm:~9.8.2":
  version: 9.8.2
  resolution: "rc-menu@npm:9.8.2"
  dependencies:
    "@babel/runtime": ^7.10.1
    classnames: 2.x
    rc-motion: ^2.4.3
    rc-overflow: ^1.2.8
    rc-trigger: ^5.1.2
    rc-util: ^5.27.0
  peerDependencies:
    react: ">=16.9.0"
    react-dom: ">=16.9.0"
  checksum: cd8513fe329802e627785133784954e2745afde7cd4507dfcd7cdde933b087f93d9acb478b3e02a5cc30228ef7611002a269c9a64bfa5228b74eba63d3d37a05
  languageName: node
  linkType: hard

"rc-motion@npm:^2.0.0, rc-motion@npm:^2.0.1, rc-motion@npm:^2.3.0, rc-motion@npm:^2.3.4, rc-motion@npm:^2.4.3, rc-motion@npm:^2.4.4, rc-motion@npm:^2.6.0, rc-motion@npm:^2.6.1, rc-motion@npm:^2.6.2":
  version: 2.6.3
  resolution: "rc-motion@npm:2.6.3"
  dependencies:
    "@babel/runtime": ^7.11.1
    classnames: ^2.2.1
    rc-util: ^5.21.0
  peerDependencies:
    react: ">=16.9.0"
    react-dom: ">=16.9.0"
  checksum: 5148728572d70d827785d5dc72c8e4e387964193e72ae3fc3bb28ce44194e2ee64aaed1cd1697038c09fb9b1acc38c9ea98731818c6821acb2a5af1e03a9cf73
  languageName: node
  linkType: hard

"rc-notification@npm:~5.0.0":
  version: 5.0.3
  resolution: "rc-notification@npm:5.0.3"
  dependencies:
    "@babel/runtime": ^7.10.1
    classnames: 2.x
    rc-motion: ^2.6.0
    rc-util: ^5.20.1
  peerDependencies:
    react: ">=16.9.0"
    react-dom: ">=16.9.0"
  checksum: f226bd05d2f4ca1beba51fc1b7b6ffdf3cdf76ad1036a52e351f066acd521fb20693fea533a9f3773cfa7e0e403a70286dd96ce0eec65d6171e2669e1fd291ad
  languageName: node
  linkType: hard

"rc-overflow@npm:^1.0.0, rc-overflow@npm:^1.2.8":
  version: 1.2.8
  resolution: "rc-overflow@npm:1.2.8"
  dependencies:
    "@babel/runtime": ^7.11.1
    classnames: ^2.2.1
    rc-resize-observer: ^1.0.0
    rc-util: ^5.19.2
  peerDependencies:
    react: ">=16.9.0"
    react-dom: ">=16.9.0"
  checksum: f6df4d1f2baff7391b0ca981fe0f75aba975b1214dc15eba2ee07e4d0b02f19d89a7ac26d6da580cc90b758a8dc07fc69c7599297f38be91cb2d9b387816d3ce
  languageName: node
  linkType: hard

"rc-pagination@npm:~3.3.0":
  version: 3.3.1
  resolution: "rc-pagination@npm:3.3.1"
  dependencies:
    "@babel/runtime": ^7.10.1
    classnames: ^2.2.1
  peerDependencies:
    react: ">=16.9.0"
    react-dom: ">=16.9.0"
  checksum: 0294cf1a79c054c3eda2f65cdbfdc9322aa2f025200048fe71e85948ff034b3fd7c4fd657ca9980bf5c420e3f7297c4afa79bc337f5056c94f09d89fb4f90bef
  languageName: node
  linkType: hard

"rc-picker@npm:~3.3.1":
  version: 3.3.4
  resolution: "rc-picker@npm:3.3.4"
  dependencies:
    "@babel/runtime": ^7.10.1
    "@rc-component/trigger": ^1.5.0
    classnames: ^2.2.1
    rc-util: ^5.27.0
  peerDependencies:
    date-fns: ">= 2.x"
    dayjs: ">= 1.x"
    moment: ">= 2.x"
    react: ">=16.9.0"
    react-dom: ">=16.9.0"
  peerDependenciesMeta:
    date-fns:
      optional: true
    dayjs:
      optional: true
    moment:
      optional: true
  checksum: d32aebb049ef83cab0c8494fc99223037054ba60c3d25dbbb6f1e0a5ebf7a4f519fd7e3cfeaffa213cce8e9abaf3f6b52f0d3d6a5fd80b96f688e4641f4f9737
  languageName: node
  linkType: hard

"rc-progress@npm:~3.4.1":
  version: 3.4.1
  resolution: "rc-progress@npm:3.4.1"
  dependencies:
    "@babel/runtime": ^7.10.1
    classnames: ^2.2.6
    rc-util: ^5.16.1
  peerDependencies:
    react: ">=16.9.0"
    react-dom: ">=16.9.0"
  checksum: d4dce5231ea29bfa866935a59f05473711f9dfc944f95cc78b0fdcd1508a063983cc58973f54c2b20797f0b0f480c4a2b84aaa2ca185158c14800ec659163880
  languageName: node
  linkType: hard

"rc-rate@npm:~2.10.0":
  version: 2.10.0
  resolution: "rc-rate@npm:2.10.0"
  dependencies:
    "@babel/runtime": ^7.10.1
    classnames: ^2.2.5
    rc-util: ^5.0.1
  peerDependencies:
    react: ">=16.9.0"
    react-dom: ">=16.9.0"
  checksum: ccc6e683a5297e71c4779358bc21f3908e08deac9f3a6e40b0ce3e3ad8bd430caecb9647258d6f8ba1fac063058b64d34c78b94815de7f104b727c23da5628b5
  languageName: node
  linkType: hard

"rc-resize-observer@npm:^1.0.0, rc-resize-observer@npm:^1.1.0, rc-resize-observer@npm:^1.2.0, rc-resize-observer@npm:^1.3.1":
  version: 1.3.1
  resolution: "rc-resize-observer@npm:1.3.1"
  dependencies:
    "@babel/runtime": ^7.20.7
    classnames: ^2.2.1
    rc-util: ^5.27.0
    resize-observer-polyfill: ^1.5.1
  peerDependencies:
    react: ">=16.9.0"
    react-dom: ">=16.9.0"
  checksum: cc952e5d3071543e990103ea64b20310e3a09c950a473bf89a3a7e6063bd060c6c041f0333085640676d176c7edd58676a3b3d64dfa17461ea6f3a62f79c4d65
  languageName: node
  linkType: hard

"rc-segmented@npm:~2.1.2":
  version: 2.1.2
  resolution: "rc-segmented@npm:2.1.2"
  dependencies:
    "@babel/runtime": ^7.11.1
    classnames: ^2.2.1
    rc-motion: ^2.4.4
    rc-util: ^5.17.0
  peerDependencies:
    react: ">=16.0.0"
    react-dom: ">=16.0.0"
  checksum: 9ebba682e70b480cacea79985b6c3fcd024d564a3105a9d48c6a0481a87002f8382987195014ce00e37d455e84dbd0def05d24e3671a52bd89aeeec43c82a91a
  languageName: node
  linkType: hard

"rc-select@npm:~14.3.0":
  version: 14.3.0
  resolution: "rc-select@npm:14.3.0"
  dependencies:
    "@babel/runtime": ^7.10.1
    "@rc-component/trigger": ^1.4.0
    classnames: 2.x
    rc-motion: ^2.0.1
    rc-overflow: ^1.0.0
    rc-util: ^5.16.1
    rc-virtual-list: ^3.4.13
  peerDependencies:
    react: "*"
    react-dom: "*"
  checksum: ab7dd030de7c4bbfeefafdd81b47f7c3c5510dc7ae2ab797dd3882a32ec9fcecdfa852a178bbeccffdcaf35414e187456187d7677794fb68ce009b0d53c8c018
  languageName: node
  linkType: hard

"rc-slider@npm:~10.1.0":
  version: 10.1.1
  resolution: "rc-slider@npm:10.1.1"
  dependencies:
    "@babel/runtime": ^7.10.1
    classnames: ^2.2.5
    rc-util: ^5.27.0
  peerDependencies:
    react: ">=16.9.0"
    react-dom: ">=16.9.0"
  checksum: 8df66142f1be00d31aaa45f3cf266fa30d03b70c74c734502389bbfacdb6741e149cd36dc1d3557d9dbb0194ed2733748366d888651d1120098338086419ba2c
  languageName: node
  linkType: hard

"rc-steps@npm:~6.0.0":
  version: 6.0.0
  resolution: "rc-steps@npm:6.0.0"
  dependencies:
    "@babel/runtime": ^7.16.7
    classnames: ^2.2.3
    rc-util: ^5.16.1
  peerDependencies:
    react: ">=16.9.0"
    react-dom: ">=16.9.0"
  checksum: 22cec1477fdd7c92e480d980c88ba8175e897e4dcd06c6c11fcdb8175ebede19b9367d8d62d1ee21ec5dfd9d8ab7724c3665582a51dde86c36ecdc810550bb1b
  languageName: node
  linkType: hard

"rc-switch@npm:~4.0.0":
  version: 4.0.0
  resolution: "rc-switch@npm:4.0.0"
  dependencies:
    "@babel/runtime": ^7.10.1
    classnames: ^2.2.1
    rc-util: ^5.0.1
  peerDependencies:
    react: ">=16.9.0"
    react-dom: ">=16.9.0"
  checksum: 9a77ccdc76c956876e911173fdaf10f1c7ea3b713632a3919e4dcf4faff1626c0f782772eaf2c74a1ed81f6adadc6df9c5febdd5de872eea62db2d6fff7d6956
  languageName: node
  linkType: hard

"rc-table@npm:~7.31.0":
  version: 7.31.1
  resolution: "rc-table@npm:7.31.1"
  dependencies:
    "@babel/runtime": ^7.10.1
    "@rc-component/context": ^1.3.0
    classnames: ^2.2.5
    rc-resize-observer: ^1.1.0
    rc-util: ^5.27.1
  peerDependencies:
    react: ">=16.9.0"
    react-dom: ">=16.9.0"
  checksum: 2739a8f7f9602af1a9345960b5041ed50b28a1fa0012516018fee72a45bad45c94d95d3623be54d7ba3d0aca4ae00d64139a9d255786eece572bed08425d42ad
  languageName: node
  linkType: hard

"rc-tabs@npm:~12.5.6":
  version: 12.5.10
  resolution: "rc-tabs@npm:12.5.10"
  dependencies:
    "@babel/runtime": ^7.11.2
    classnames: 2.x
    rc-dropdown: ~4.0.0
    rc-menu: ~9.8.0
    rc-motion: ^2.6.2
    rc-resize-observer: ^1.0.0
    rc-util: ^5.16.0
  peerDependencies:
    react: ">=16.9.0"
    react-dom: ">=16.9.0"
  checksum: 0b26b61ce96f525c2d4c74b89561997176b8673c842d28f542cbc056cc26ee16953ea34d9a591b599872717a342ffbdded4e6115d95bcfe1ec594048fe669d31
  languageName: node
  linkType: hard

"rc-textarea@npm:^1.0.0, rc-textarea@npm:~1.1.0":
  version: 1.1.0
  resolution: "rc-textarea@npm:1.1.0"
  dependencies:
    "@babel/runtime": ^7.10.1
    classnames: ^2.2.1
    rc-input: ^0.2.1
    rc-resize-observer: ^1.0.0
    rc-util: ^5.27.0
  peerDependencies:
    react: ">=16.9.0"
    react-dom: ">=16.9.0"
  checksum: 9cccfd66c9f3506f7b4a98a46b31bd639af218e4a7d88fd1bd0566f883b970b06deb6ca8adc908b97f6714836c73fa2ab36770f874d6b9444ba9dd850c434d2f
  languageName: node
  linkType: hard

"rc-tooltip@npm:~6.0.0":
  version: 6.0.1
  resolution: "rc-tooltip@npm:6.0.1"
  dependencies:
    "@babel/runtime": ^7.11.2
    "@rc-component/trigger": ^1.0.4
    classnames: ^2.3.1
  peerDependencies:
    react: ">=16.9.0"
    react-dom: ">=16.9.0"
  checksum: fe7f617a4f4e0085d8f5eb5e8da5598f0164841c841f62f77966706ae604491246441a469aeb44f1dec7001bb4716ee81d11ec646e8889f4164fcba3a024eea5
  languageName: node
  linkType: hard

"rc-tree-select@npm:~5.7.0":
  version: 5.7.0
  resolution: "rc-tree-select@npm:5.7.0"
  dependencies:
    "@babel/runtime": ^7.10.1
    classnames: 2.x
    rc-select: ~14.3.0
    rc-tree: ~5.7.0
    rc-util: ^5.16.1
  peerDependencies:
    react: "*"
    react-dom: "*"
  checksum: 30ea1c6b826b6860e7e1062fe5e64b53f22ac86fa883cccb31b0ed73b2f5cb4fdf0b23188ea51b0c223d0d3819a9aca5cd013be4a4b520b3e8a5af10ab457e70
  languageName: node
  linkType: hard

"rc-tree@npm:~5.7.0":
  version: 5.7.3
  resolution: "rc-tree@npm:5.7.3"
  dependencies:
    "@babel/runtime": ^7.10.1
    classnames: 2.x
    rc-motion: ^2.0.1
    rc-util: ^5.16.1
    rc-virtual-list: ^3.4.8
  peerDependencies:
    react: "*"
    react-dom: "*"
  checksum: 201e166248b9dcf4b083729e3a3676d730f98b96d396655f7fdf9a458d447e640bf52f7a033c8e2ca90c6a72bcb591310930c8071ec1698b0069d9f503e44c4f
  languageName: node
  linkType: hard

"rc-trigger@npm:^5.1.2, rc-trigger@npm:^5.3.1, rc-trigger@npm:^5.3.4":
  version: 5.3.4
  resolution: "rc-trigger@npm:5.3.4"
  dependencies:
    "@babel/runtime": ^7.18.3
    classnames: ^2.2.6
    rc-align: ^4.0.0
    rc-motion: ^2.0.0
    rc-util: ^5.19.2
  peerDependencies:
    react: ">=16.9.0"
    react-dom: ">=16.9.0"
  checksum: 6ca7694a4cf064040b5e0fd9b4629b0e0a19ebb29c4eb5614ee9eb22b4193e21909171fd95e48be73a94e44f249cb9616d7670b696164620b722d3de6f280017
  languageName: node
  linkType: hard

"rc-upload@npm:~4.3.0":
  version: 4.3.4
  resolution: "rc-upload@npm:4.3.4"
  dependencies:
    "@babel/runtime": ^7.18.3
    classnames: ^2.2.5
    rc-util: ^5.2.0
  peerDependencies:
    react: ">=16.9.0"
    react-dom: ">=16.9.0"
  checksum: 59ddf31a58ce716d1ace506b1c3e36744895c24c683a17185517dab68dfbb1cf158f57ce14a8f0899e85b2924bfa0d82587771939225ea21a41b907f91779afa
  languageName: node
  linkType: hard

"rc-util@npm:^5.0.1, rc-util@npm:^5.0.6, rc-util@npm:^5.15.0, rc-util@npm:^5.16.0, rc-util@npm:^5.16.1, rc-util@npm:^5.17.0, rc-util@npm:^5.18.1, rc-util@npm:^5.19.2, rc-util@npm:^5.2.0, rc-util@npm:^5.20.1, rc-util@npm:^5.21.0, rc-util@npm:^5.21.2, rc-util@npm:^5.22.5, rc-util@npm:^5.24.4, rc-util@npm:^5.26.0, rc-util@npm:^5.27.0, rc-util@npm:^5.27.1, rc-util@npm:^5.28.0, rc-util@npm:^5.29.2, rc-util@npm:^5.6.1, rc-util@npm:^5.8.0, rc-util@npm:^5.9.4":
  version: 5.29.2
  resolution: "rc-util@npm:5.29.2"
  dependencies:
    "@babel/runtime": ^7.18.3
    react-is: ^16.12.0
  peerDependencies:
    react: ">=16.9.0"
    react-dom: ">=16.9.0"
  checksum: 68c6bcf2bd2d34ff0d3b6f8a8007e309c498a9714b19d9b84fdf523bd2f6838ab392326381ed4c9854f632cc5cc74157bfbf487829a7a01c954bca18b603947d
  languageName: node
  linkType: hard

"rc-virtual-list@npm:^3.4.13, rc-virtual-list@npm:^3.4.8":
  version: 3.4.13
  resolution: "rc-virtual-list@npm:3.4.13"
  dependencies:
    "@babel/runtime": ^7.20.0
    classnames: ^2.2.6
    rc-resize-observer: ^1.0.0
    rc-util: ^5.15.0
  peerDependencies:
    react: "*"
    react-dom: "*"
  checksum: 590baca20aa209bdc7038c4cdbedef78100e8f8762966b8ae556d0c7154ce8a4f26737a5bd59580ee1ed446c79a8eb627e3fb003e1ee0de38f1bb9a7b3cd7e78
  languageName: node
  linkType: hard

"react-dom@npm:18.2.0":
  version: 18.2.0
  resolution: "react-dom@npm:18.2.0"
  dependencies:
    loose-envify: ^1.1.0
    scheduler: ^0.23.0
  peerDependencies:
    react: ^18.2.0
  checksum: 7d323310bea3a91be2965f9468d552f201b1c27891e45ddc2d6b8f717680c95a75ae0bc1e3f5cf41472446a2589a75aed4483aee8169287909fcd59ad149e8cc
  languageName: node
  linkType: hard

"react-is@npm:^16.12.0":
  version: 16.13.1
  resolution: "react-is@npm:16.13.1"
  checksum: f7a19ac3496de32ca9ae12aa030f00f14a3d45374f1ceca0af707c831b2a6098ef0d6bdae51bd437b0a306d7f01d4677fcc8de7c0d331eb47ad0f46130e53c5f
  languageName: node
  linkType: hard

"react@npm:18.2.0":
  version: 18.2.0
  resolution: "react@npm:18.2.0"
  dependencies:
    loose-envify: ^1.1.0
  checksum: 88e38092da8839b830cda6feef2e8505dec8ace60579e46aa5490fc3dc9bba0bd50336507dc166f43e3afc1c42939c09fe33b25fae889d6f402721dcd78fca1b
  languageName: node
  linkType: hard

"regenerator-runtime@npm:^0.13.11":
  version: 0.13.11
  resolution: "regenerator-runtime@npm:0.13.11"
  checksum: 27481628d22a1c4e3ff551096a683b424242a216fee44685467307f14d58020af1e19660bf2e26064de946bad7eff28950eae9f8209d55723e2d9351e632bbb4
  languageName: node
  linkType: hard

"resize-observer-polyfill@npm:^1.5.1":
  version: 1.5.1
  resolution: "resize-observer-polyfill@npm:1.5.1"
  checksum: 57e7f79489867b00ba43c9c051524a5c8f162a61d5547e99333549afc23e15c44fd43f2f318ea0261ea98c0eb3158cca261e6f48d66e1ed1cd1f340a43977094
  languageName: node
  linkType: hard

"scheduler@npm:^0.23.0":
  version: 0.23.0
  resolution: "scheduler@npm:0.23.0"
  dependencies:
    loose-envify: ^1.1.0
  checksum: d79192eeaa12abef860c195ea45d37cbf2bbf5f66e3c4dcd16f54a7da53b17788a70d109ee3d3dde1a0fd50e6a8fc171f4300356c5aee4fc0171de526bf35f8a
  languageName: node
  linkType: hard

"scroll-into-view-if-needed@npm:^3.0.3":
  version: 3.0.6
  resolution: "scroll-into-view-if-needed@npm:3.0.6"
  dependencies:
    compute-scroll-into-view: ^3.0.0
  checksum: fb3a62748f44bc14ee5f6986e6c3fd1a571811ff14e894f5ff1045247cfd9bf94ebd2038319971a8657bdd4c70a165e523ec1a0b90f74ded175a77035ff2d109
  languageName: node
  linkType: hard

"serving-on@workspace:.":
  version: 0.0.0-use.local
  resolution: "serving-on@workspace:."
  dependencies:
    "@ant-design/icons": ^5.0.1
    antd: ^5.3.2
    next: 13.2.4
    react: 18.2.0
    react-dom: 18.2.0
  languageName: unknown
  linkType: soft

"source-map-js@npm:^1.0.2":
  version: 1.0.2
  resolution: "source-map-js@npm:1.0.2"
  checksum: c049a7fc4deb9a7e9b481ae3d424cc793cb4845daa690bc5a05d428bf41bf231ced49b4cf0c9e77f9d42fdb3d20d6187619fc586605f5eabe995a316da8d377c
  languageName: node
  linkType: hard

"string-convert@npm:^0.2.0":
  version: 0.2.1
  resolution: "string-convert@npm:0.2.1"
  checksum: 1098b1d8e3712c72d0a0b0b7f5c36c98af93e7660b5f0f14019e41bcefe55bfa79214d5e03e74d98a7334a0b9bf2b7f4c6889c8c24801aa2ae2f9ebe1d8a1ef9
  languageName: node
  linkType: hard

"styled-jsx@npm:5.1.1":
  version: 5.1.1
  resolution: "styled-jsx@npm:5.1.1"
  dependencies:
    client-only: 0.0.1
  peerDependencies:
    react: ">= 16.8.0 || 17.x.x || ^18.0.0-0"
  peerDependenciesMeta:
    "@babel/core":
      optional: true
    babel-plugin-macros:
      optional: true
  checksum: 523a33b38603492547e861b98e29c873939b04e15fbe5ef16132c6f1e15958126647983c7d4675325038b428a5e91183d996e90141b18bdd1bbadf6e2c45b2fa
  languageName: node
  linkType: hard

"stylis@npm:^4.0.13":
  version: 4.1.3
  resolution: "stylis@npm:4.1.3"
  checksum: d04dbffcb9bf2c5ca8d8dc09534203c75df3bf711d33973ea22038a99cc475412a350b661ebd99cbc01daa50d7eedcf0d130d121800eb7318759a197023442a6
  languageName: node
  linkType: hard

"throttle-debounce@npm:^5.0.0":
  version: 5.0.0
  resolution: "throttle-debounce@npm:5.0.0"
  checksum: aa8bf25828b4f8645ce863589de05d6807ea3debc147ce7d89624638ff8a16792d6d0baa0f8a32a260f0b163444d74020c6087b713ae561fde594b97b6e51f28
  languageName: node
  linkType: hard

"toggle-selection@npm:^1.0.6":
  version: 1.0.6
  resolution: "toggle-selection@npm:1.0.6"
  checksum: a90dc80ed1e7b18db8f4e16e86a5574f87632dc729cfc07d9ea3ced50021ad42bb4e08f22c0913e0b98e3837b0b717e0a51613c65f30418e21eb99da6556a74c
  languageName: node
  linkType: hard

"tslib@npm:^2.4.0":
  version: 2.5.0
  resolution: "tslib@npm:2.5.0"
  checksum: ae3ed5f9ce29932d049908ebfdf21b3a003a85653a9a140d614da6b767a93ef94f460e52c3d787f0e4f383546981713f165037dc2274df212ea9f8a4541004e1
  languageName: node
  linkType: hard
